
Microsoft Visual Studio Solution File, Format Version 12.00
# Visual Studio Version 16
VisualStudioVersion = 16.0.31129.286
MinimumVisualStudioVersion = 10.0.40219.1
Project("{9A19103F-16F7-4668-BE54-9A1E7A4F7556}") = "CpuBurner", "CpuBurner\CpuBurner.csproj", "{796AF24C-E482-41B1-8196-FF83D79F5546}"
EndProject
Project("{2150E333-8FDC-42A3-9474-1A3956D46DE8}") = "Solution Items", "Solution Items", "{4FCFD460-6489-49F4-BA21-4613F3B423CE}"
	ProjectSection(SolutionItems) = preProject
		Dockerfile = Dockerfile
		manifest-cflinuxfs3.yml = manifest-cflinuxfs3.yml
		manifest-windows.yml = manifest-windows.yml
		README.md = README.md
	EndProjectSection
EndProject
Global
	GlobalSection(SolutionConfigurationPlatforms) = preSolution
		Debug|Any CPU = Debug|Any CPU
		Release|Any CPU = Release|Any CPU
	EndGlobalSection
	GlobalSection(ProjectConfigurationPlatforms) = postSolution
		{796AF24C-E482-41B1-8196-FF83D79F5546}.Debug|Any CPU.ActiveCfg = Debug|Any CPU
		{796AF24C-E482-41B1-8196-FF83D79F5546}.Debug|Any CPU.Build.0 = Debug|Any CPU
		{796AF24C-E482-41B1-8196-FF83D79F5546}.Release|Any CPU.ActiveCfg = Release|Any CPU
		{796AF24C-E482-41B1-8196-FF83D79F5546}.Release|Any CPU.Build.0 = Release|Any CPU
	EndGlobalSection
	GlobalSection(SolutionProperties) = preSolution
		HideSolutionNode = FALSE
	EndGlobalSection
	GlobalSection(ExtensibilityGlobals) = postSolution
		SolutionGuid = {BD79B252-05C8-40E7-AD45-CA1644A7585F}
	EndGlobalSection
EndGlobal
